dependencies:
- name: lerian-common-helm
  repository: file://../lerian-common
  version: 2.1.0
- name: postgresql
  repository: https://charts.bitnami.com/bitnami
  version: 16.3.5
- name: valkey
  repository: oci://registry-1.docker.io/bitnamicharts
  version: 2.4.7
- name: rabbitmq
  repository: https://groundhog2k.github.io/helm-charts
  version: 2.1.11
digest: sha256:866aa08d594236d3432a3486f66cf805918d852215d9f3bde36d9691a0a310cf
generated: "2026-09-11T09:47:40.708377-03:00"
