dependencies:
- name: postgresql
  repository: https://charts.bitnami.com/bitnami
  version: 16.3.5
- name: valkey
  repository: oci://registry-1.docker.io/bitnamicharts
  version: 2.4.7
- name: rabbitmq
  repository: https://groundhog2k.github.io/helm-charts
  version: 2.1.11
digest: sha256:de064d39eace614de34dac36f0ff612daf9c22a62322bed205bf150a6bc88980
generated: "2026-06-05T18:51:06.503033-03:00"
