dependencies:
- name: lerian-common
  repository: file://../lerian-common
  version: 0.1.0
- name: mongodb
  repository: https://charts.bitnami.com/bitnami
  version: 16.4.0
digest: sha256:2c02ee472b27d5f60a2bc9f7cfc36f68aa7d952b88fccc5c096b5d9646ecb7cd
generated: "2026-07-17T17:58:48.133146-03:00"
