dependencies:
- name: lerian-common-helm
  repository: oci://ghcr.io/lerianstudio
  version: 2.0.0
- name: mongodb
  repository: https://charts.bitnami.com/bitnami
  version: 16.4.0
digest: sha256:976ca105a7200d20ce2292efa723d900fe78bdffa754141b849ba4f1919ec431
generated: "2026-08-24T14:20:57.975238-03:00"
