dependencies:
- name: postgresql
  repository: https://charts.bitnami.com/bitnami
  version: 16.3.5
- name: valkey
  repository: oci://registry-1.docker.io/bitnamicharts
  version: 2.4.7
digest: sha256:52ff7322d903f193a03cdb12e017ea953e3f7c06cd6019216410086fef3bcd6b
generated: "2026-07-02T18:30:40.65224-07:00"
