dependencies:
- name: lerian-common-helm
  repository: file://../lerian-common
  version: 2.1.0
- name: postgresql
  repository: https://charts.bitnami.com/bitnami
  version: 16.3.5
- name: valkey
  repository: https://charts.bitnami.com/bitnami
  version: 2.4.7
digest: sha256:24367a507064c8669308800debbbef5b644d06315175cf95d307432134e9b025
generated: "2026-08-27T11:46:13.979868-03:00"
