dependencies:
- name: postgresql
  repository: https://charts.bitnami.com/bitnami
  version: 16.3.5
- name: valkey
  repository: oci://registry-1.docker.io/bitnamicharts
  version: 2.4.6
digest: sha256:da62e66ac5c1c48ae0f25d85cd5440cd309637b42fdd13ec176a40534b32110d
generated: "2026-06-07T13:03:00.436339-03:00"
