dependencies:
- name: lerian-common-helm
  repository: file://../lerian-common
  version: 1.2.1
- name: keda
  repository: https://kedacore.github.io/charts
  version: 2.17.1
- name: seaweedfs
  repository: https://seaweedfs.github.io/seaweedfs/helm
  version: 4.0.393
- name: mongodb
  repository: https://charts.bitnami.com/bitnami
  version: 16.4.0
- name: rabbitmq
  repository: https://groundhog2k.github.io/helm-charts
  version: 2.1.11
- name: valkey
  repository: https://valkey.io/valkey-helm
  version: 0.7.4
- name: consul
  repository: https://helm.releases.hashicorp.com
  version: 1.9.10
digest: sha256:f1b47d71d8a7eb7faea73a1186ea76839d070e2d110d75d2042772914ee21481
generated: "2026-07-28T17:39:41.269399-03:00"
