dependencies:
- name: lerian-common-helm
  repository: oci://ghcr.io/lerianstudio/alpha
  version: 1.6.0-alpha.202608211120.a2d9879c
- name: keda
  repository: https://kedacore.github.io/charts
  version: 2.17.1
- name: seaweedfs
  repository: https://seaweedfs.github.io/seaweedfs/helm
  version: 4.0.393
- name: mongodb
  repository: https://charts.bitnami.com/bitnami
  version: 16.4.0
- name: rabbitmq
  repository: https://groundhog2k.github.io/helm-charts
  version: 2.1.11
- name: valkey
  repository: https://valkey.io/valkey-helm
  version: 0.7.4
digest: sha256:28959d1fb464be02dece0280e6db2b5668be058b62ed05c20cd1c1abf8e506f1
generated: "2026-08-21T08:21:46.43259-03:00"
