dependencies:
- name: lerian-common-helm
  repository: oci://ghcr.io/lerianstudio
  version: 1.5.0
- name: keda
  repository: https://kedacore.github.io/charts
  version: 2.17.1
- name: seaweedfs
  repository: https://seaweedfs.github.io/seaweedfs/helm
  version: 4.0.393
- name: mongodb
  repository: https://charts.bitnami.com/bitnami
  version: 16.4.0
- name: rabbitmq
  repository: https://groundhog2k.github.io/helm-charts
  version: 2.1.11
- name: valkey
  repository: https://valkey.io/valkey-helm
  version: 0.7.4
digest: sha256:50ab3a9a5b9f55035c1fd830a9fe721907a5ea4e7d980f8e4bb3a6bb5fee3892
generated: "2026-08-14T12:32:59.482387-03:00"
