dependencies:
- name: lerian-common-helm
  repository: file://../lerian-common
  version: 1.3.4
- name: postgresql
  repository: https://charts.bitnami.com/bitnami
  version: 16.3.5
- name: valkey
  repository: oci://registry-1.docker.io/bitnamicharts
  version: 2.4.7
- name: rabbitmq
  repository: https://groundhog2k.github.io/helm-charts
  version: 2.1.11
digest: sha256:bc029dad90b7bbde0e5194ba180ecdbf91e3be06a571e44d8ace1d85599bb1cd
generated: "2026-08-03T11:46:19.341532-03:00"
