dependencies:
- name: postgresql
  repository: oci://registry-1.docker.io/bitnamicharts
  version: 16.3.5
- name: valkey
  repository: oci://registry-1.docker.io/bitnamicharts
  version: 2.4.7
- name: rabbitmq
  repository: https://groundhog2k.github.io/helm-charts
  version: 2.1.11
digest: sha256:8d08fbaf379974c2302391151e53d5c1e319ffc2d270e47ce4e3f8ee8830fd0c
generated: "2026-08-15T15:28:15.131092653Z"
