dependencies:
- name: lerian-common-helm
  repository: oci://ghcr.io/lerianstudio
  version: 2.1.2
- name: postgresql
  repository: https://charts.bitnami.com/bitnami
  version: 16.3.5
- name: valkey
  repository: oci://registry-1.docker.io/bitnamicharts
  version: 2.4.7
- name: seaweedfs
  repository: https://seaweedfs.github.io/seaweedfs/helm
  version: 4.0.393
digest: sha256:3bd54f505db04b996675a1ae834ede136f7339c64ba081cd0e877cdb0f14fc2d
generated: "2026-09-29T10:19:47.327388-03:00"
