dependencies:
- name: lerian-common-helm
  repository: oci://ghcr.io/lerianstudio/alpha
  version: 1.6.0-alpha.202608211259.04eb4d92
- name: valkey
  repository: oci://registry-1.docker.io/bitnamicharts
  version: 2.4.7
- name: postgresql
  repository: https://charts.bitnami.com/bitnami
  version: 16.3.5
- name: mongodb
  repository: https://charts.bitnami.com/bitnami
  version: 16.4.12
- name: rabbitmq
  repository: https://groundhog2k.github.io/helm-charts
  version: 2.1.11
digest: sha256:d1eaa8ea787952b105ca387e40a45ee5da2ff66022dd0bed13027a421dacd3e4
generated: "2026-08-21T10:00:24.976115-03:00"
