dependencies:
- name: lerian-common-helm
  repository: oci://ghcr.io/lerianstudio
  version: 2.2.0
- name: mongodb
  repository: https://charts.bitnami.com/bitnami
  version: 16.4.0
digest: sha256:7649f9c568d8d57feda329c6616ddf379e13ef977b56c9bd2570e6f52d247c2a
generated: "2026-10-06T20:11:33.689279-03:00"
