dependencies:
- name: valkey
  repository: oci://registry-1.docker.io/bitnamicharts
  version: 2.4.7
- name: postgresql
  repository: https://charts.bitnami.com/bitnami
  version: 16.3.5
- name: mongodb
  repository: https://charts.bitnami.com/bitnami
  version: 16.4.0
- name: rabbitmq
  repository: https://groundhog2k.github.io/helm-charts
  version: 2.1.11
- name: otel-collector-lerian
  repository: oci://registry-1.docker.io/lerianstudio
  version: 2.1.0
digest: sha256:ca7f7e9f0059dce238ead803eca58ce57244ebdebe6db43e6aaea8fe7fa45e0d
generated: "2025-12-18T15:09:39.090105-03:00"
