dependencies:
- name: valkey
  repository: oci://registry-1.docker.io/bitnamicharts
  version: 2.4.7
- name: postgresql
  repository: https://charts.bitnami.com/bitnami
  version: 16.3.5
- name: mongodb
  repository: https://charts.bitnami.com/bitnami
  version: 16.4.0
- name: rabbitmq
  repository: https://groundhog2k.github.io/helm-charts
  version: 2.1.11
digest: sha256:2a2522d76f48d28c4bc86bd4c23226346e921eeeba11a217b89b5a71589a7f92
generated: "2026-06-19T15:26:51.872268447-03:00"
