dependencies:
- name: lerian-common
  repository: file://../lerian-common
  version: 0.1.0
- name: valkey
  repository: oci://registry-1.docker.io/bitnamicharts
  version: 2.4.7
- name: postgresql
  repository: https://charts.bitnami.com/bitnami
  version: 16.3.5
- name: mongodb
  repository: https://charts.bitnami.com/bitnami
  version: 16.4.0
- name: rabbitmq
  repository: https://groundhog2k.github.io/helm-charts
  version: 2.1.11
digest: sha256:c6432c24fb9da19fd1b61bb7a2b369a97de17e7e5105d74f0ac5a3588019a509
generated: "2026-07-20T12:03:03.064707-03:00"
