dependencies:
- name: lerian-common-helm
  repository: oci://ghcr.io/lerianstudio
  version: 2.2.0
- name: keda
  repository: https://kedacore.github.io/charts
  version: 2.17.1
- name: seaweedfs
  repository: https://seaweedfs.github.io/seaweedfs/helm
  version: 4.0.393
- name: mongodb
  repository: https://charts.bitnami.com/bitnami
  version: 16.4.0
- name: rabbitmq
  repository: https://groundhog2k.github.io/helm-charts
  version: 2.1.11
- name: valkey
  repository: https://valkey.io/valkey-helm
  version: 0.7.4
digest: sha256:52d1fec51fc6e2d4c9521654f5a72ad23290e8ca9b83fcc641f037cbde741d7d
generated: "2026-10-07T12:05:05.808187-03:00"
