dependencies:
- name: lerian-common-helm
  repository: oci://ghcr.io/lerianstudio/alpha
  version: 1.6.0-alpha.202608211259.04eb4d92
- name: keda
  repository: https://kedacore.github.io/charts
  version: 2.17.1
- name: seaweedfs
  repository: https://seaweedfs.github.io/seaweedfs/helm
  version: 4.0.393
- name: mongodb
  repository: https://charts.bitnami.com/bitnami
  version: 16.4.0
- name: rabbitmq
  repository: https://groundhog2k.github.io/helm-charts
  version: 2.1.11
- name: valkey
  repository: https://valkey.io/valkey-helm
  version: 0.7.4
digest: sha256:ae52c2ed42a50f27af453c41f50821a9d824f4998f041593883bb8b1387375f8
generated: "2026-08-21T10:38:57.621197-03:00"
