dependencies:
- name: lerian-common-helm
  repository: file://../lerian-common
  version: 1.4.0
- name: valkey
  repository: oci://registry-1.docker.io/bitnamicharts
  version: 2.4.7
- name: postgresql
  repository: https://charts.bitnami.com/bitnami
  version: 16.3.5
- name: rabbitmq
  repository: https://groundhog2k.github.io/helm-charts
  version: 2.1.11
digest: sha256:59a194a9612d9b864d3b2a3cdc79e9112d3f7f618e1e66127b52bc6f73e1e945
generated: "2026-08-04T17:37:06.756256-03:00"
