dependencies:
- name: lerian-common-helm
  repository: file://../lerian-common
  version: 1.3.4
- name: valkey
  repository: oci://registry-1.docker.io/bitnamicharts
  version: 2.4.7
- name: postgresql
  repository: https://charts.bitnami.com/bitnami
  version: 16.3.5
- name: rabbitmq
  repository: https://groundhog2k.github.io/helm-charts
  version: 2.1.11
digest: sha256:f6b19a8c745daff1c96689c10c2267dad0f7e6f4339759baeacfc2ca76b11c61
generated: "2026-08-03T10:55:31.063937-03:00"
